// !$*UTF8*$!
{
	archiveVersion = 1;
	classes = {
	};
	objectVersion = 56;
	objects = {

/* Begin PBXBuildFile section */
		D30598BC2B949A730092682A /* ExpensyApp.swift in Sources */ = {isa = PBXBuildFile; fileRef = D30598BB2B949A730092682A /* ExpensyApp.swift */; };
		D30598BE2B949A730092682A /* ContentView.swift in Sources */ = {isa = PBXBuildFile; fileRef = D30598BD2B949A730092682A /* ContentView.swift */; };
		D30598C02B949A740092682A /* Assets.xcassets in Resources */ = {isa = PBXBuildFile; fileRef = D30598BF2B949A740092682A /* Assets.xcassets */; };
		D30598C32B949A740092682A /* Preview Assets.xcassets in Resources */ = {isa = PBXBuildFile; fileRef = D30598C22B949A740092682A /* Preview Assets.xcassets */; };
		D30598CA2B949D020092682A /* Extensions.swift in Sources */ = {isa = PBXBuildFile; fileRef = D30598C92B949D020092682A /* Extensions.swift */; };
		D31CACAB2BB5EF18007D9742 /* TransactionRow.swift in Sources */ = {isa = PBXBuildFile; fileRef = D31CACAA2BB5EF18007D9742 /* TransactionRow.swift */; };
		D322C5B32BBFF0EA00B841FA /* TransactionListViewModel.swift in Sources */ = {isa = PBXBuildFile; fileRef = D322C5B22BBFF0EA00B841FA /* TransactionListViewModel.swift */; };
		D322C5B52BBFF24700B841FA /* RecentTransactionList.swift in Sources */ = {isa = PBXBuildFile; fileRef = D322C5B42BBFF24700B841FA /* RecentTransactionList.swift */; };
		D322C5B82BC0096300B841FA /* SwiftUIFontIcon in Frameworks */ = {isa = PBXBuildFile; productRef = D322C5B72BC0096300B841FA /* SwiftUIFontIcon */; };
		D360FE3E2BB413FA007753F2 /* TransactionModel.swift in Sources */ = {isa = PBXBuildFile; fileRef = D360FE3D2BB413FA007753F2 /* TransactionModel.swift */; };
		D360FE402BB415A5007753F2 /* PreviewData.swift in Sources */ = {isa = PBXBuildFile; fileRef = D360FE3F2BB415A5007753F2 /* PreviewData.swift */; };
/* End PBXBuildFile section */

/* Begin PBXFileReference section */
		D30598B82B949A730092682A /* Expensy.app */ = {isa = PBXFileReference; explicitFileType = wrapper.application; includeInIndex = 0; path = Expensy.app; sourceTree = BUILT_PRODUCTS_DIR; };
		D30598BB2B949A730092682A /* ExpensyApp.swift */ = {isa = PBXFileReference; lastKnownFileType = sourcecode.swift; path = ExpensyApp.swift; sourceTree = "<group>"; };
		D30598BD2B949A730092682A /* ContentView.swift */ = {isa = PBXFileReference; lastKnownFileType = sourcecode.swift; path = ContentView.swift; sourceTree = "<group>"; };
		D30598BF2B949A740092682A /* Assets.xcassets */ = {isa = PBXFileReference; lastKnownFileType = folder.assetcatalog; path = Assets.xcassets; sourceTree = "<group>"; };
		D30598C22B949A740092682A /* Preview Assets.xcassets */ = {isa = PBXFileReference; lastKnownFileType = folder.assetcatalog; path = "Preview Assets.xcassets"; sourceTree = "<group>"; };
		D30598C92B949D020092682A /* Extensions.swift */ = {isa = PBXFileReference; lastKnownFileType = sourcecode.swift; path = Extensions.swift; sourceTree = "<group>"; };
		D31CACAA2BB5EF18007D9742 /* TransactionRow.swift */ = {isa = PBXFileReference; lastKnownFileType = sourcecode.swift; path = TransactionRow.swift; sourceTree = "<group>"; };
		D322C5B22BBFF0EA00B841FA /* TransactionListViewModel.swift */ = {isa = PBXFileReference; fileEncoding = 4; lastKnownFileType = sourcecode.swift; name = TransactionListViewModel.swift; path = "../../../Library/Mobile Documents/.Trash/TransactionListViewModel.swift"; sourceTree = "<group>"; };
		D322C5B42BBFF24700B841FA /* RecentTransactionList.swift */ = {isa = PBXFileReference; lastKnownFileType = sourcecode.swift; path = RecentTransactionList.swift; sourceTree = "<group>"; };
		D360FE3D2BB413FA007753F2 /* TransactionModel.swift */ = {isa = PBXFileReference; lastKnownFileType = sourcecode.swift; path = TransactionModel.swift; sourceTree = "<group>"; };
		D360FE3F2BB415A5007753F2 /* PreviewData.swift */ = {isa = PBXFileReference; lastKnownFileType = sourcecode.swift; path = PreviewData.swift; sourceTree = "<group>"; };
/* End PBXFileReference section */

/* Begin PBXFrameworksBuildPhase section */
		D30598B52B949A730092682A /* Frameworks */ = {
			isa = PBXFrameworksBuildPhase;
			buildActionMask = 2147483647;
			files = (
				D322C5B82BC0096300B841FA /* SwiftUIFontIcon in Frameworks */,
			);
			runOnlyForDeploymentPostprocessing = 0;
		};
/* End PBXFrameworksBuildPhase section */

/* Begin PBXGroup section */
		D30598AF2B949A730092682A = {
			isa = PBXGroup;
			children = (
				D30598BA2B949A730092682A /* Expensy */,
				D30598B92B949A730092682A /* Products */,
			);
			sourceTree = "<group>";
		};
		D30598B92B949A730092682A /* Products */ = {
			isa = PBXGroup;
			children = (
				D30598B82B949A730092682A /* Expensy.app */,
			);
			name = Products;
			sourceTree = "<group>";
		};
		D30598BA2B949A730092682A /* Expensy */ = {
			isa = PBXGroup;
			children = (
				D30598BB2B949A730092682A /* ExpensyApp.swift */,
				D30598BD2B949A730092682A /* ContentView.swift */,
				D322C5B42BBFF24700B841FA /* RecentTransactionList.swift */,
				D322C5B22BBFF0EA00B841FA /* TransactionListViewModel.swift */,
				D31CACAA2BB5EF18007D9742 /* TransactionRow.swift */,
				D360FE3D2BB413FA007753F2 /* TransactionModel.swift */,
				D30598C92B949D020092682A /* Extensions.swift */,
				D30598BF2B949A740092682A /* Assets.xcassets */,
				D30598C12B949A740092682A /* Preview Content */,
			);
			path = Expensy;
			sourceTree = "<group>";
		};
		D30598C12B949A740092682A /* Preview Content */ = {
			isa = PBXGroup;
			children = (
				D30598C22B949A740092682A /* Preview Assets.xcassets */,
				D360FE3F2BB415A5007753F2 /* PreviewData.swift */,
			);
			path = "Preview Content";
			sourceTree = "<group>";
		};
/* End PBXGroup section */

/* Begin PBXNativeTarget section */
		D30598B72B949A730092682A /* Expensy */ = {
			isa = PBXNativeTarget;
			buildConfigurationList = D30598C62B949A740092682A /* Build configuration list for PBXNativeTarget "Expensy" */;
			buildPhases = (
				D30598B42B949A730092682A /* Sources */,
				D30598B52B949A730092682A /* Frameworks */,
				D30598B62B949A730092682A /* Resources */,
			);
			buildRules = (
			);
			dependencies = (
			);
			name = Expensy;
			packageProductDependencies = (
				D322C5B72BC0096300B841FA /* SwiftUIFontIcon */,
			);
			productName = Expensy;
			productReference = D30598B82B949A730092682A /* Expensy.app */;
			productType = "com.apple.product-type.application";
		};
/* End PBXNativeTarget section */

/* Begin PBXProject section */
		D30598B02B949A730092682A /* Project object */ = {
			isa = PBXProject;
			attributes = {
				BuildIndependentTargetsInParallel = 1;
				LastSwiftUpdateCheck = 1520;
				LastUpgradeCheck = 1520;
				TargetAttributes = {
					D30598B72B949A730092682A = {
						CreatedOnToolsVersion = 15.2;
					};
				};
			};
			buildConfigurationList = D30598B32B949A730092682A /* Build configuration list for PBXProject "Expensy" */;
			compatibilityVersion = "Xcode 14.0";
			developmentRegion = en;
			hasScannedForEncodings = 0;
			knownRegions = (
				en,
				Base,
			);
			mainGroup = D30598AF2B949A730092682A;
			packageReferences = (
				D322C5B62BC0096300B841FA /* XCRemoteSwiftPackageReference "SwiftUIFontIcon" */,
			);
			productRefGroup = D30598B92B949A730092682A /* Products */;
			projectDirPath = "";
			projectRoot = "";
			targets = (
				D30598B72B949A730092682A /* Expensy */,
			);
		};
/* End PBXProject section */

/* Begin PBXResourcesBuildPhase section */
		D30598B62B949A730092682A /* Resources */ = {
			isa = PBXResourcesBuildPhase;
			buildActionMask = 2147483647;
			files = (
				D30598C32B949A740092682A /* Preview Assets.xcassets in Resources */,
				D30598C02B949A740092682A /* Assets.xcassets in Resources */,
			);
			runOnlyForDeploymentPostprocessing = 0;
		};
/* End PBXResourcesBuildPhase section */

/* Begin PBXSourcesBuildPhase section */
		D30598B42B949A730092682A /* Sources */ = {
			isa = PBXSourcesBuildPhase;
			buildActionMask = 2147483647;
			files = (
				D360FE402BB415A5007753F2 /* PreviewData.swift in Sources */,
				D322C5B52BBFF24700B841FA /* RecentTransactionList.swift in Sources */,
				D360FE3E2BB413FA007753F2 /* TransactionModel.swift in Sources */,
				D30598BE2B949A730092682A /* ContentView.swift in Sources */,
				D31CACAB2BB5EF18007D9742 /* TransactionRow.swift in Sources */,
				D30598CA2B949D020092682A /* Extensions.swift in Sources */,
				D322C5B32BBFF0EA00B841FA /* TransactionListViewModel.swift in Sources */,
				D30598BC2B949A730092682A /* ExpensyApp.swift in Sources */,
			);
			runOnlyForDeploymentPostprocessing = 0;
		};
/* End PBXSourcesBuildPhase section */

/* Begin XCBuildConfiguration section */
		D30598C42B949A740092682A /* Debug */ = {
			isa = XCBuildConfiguration;
			buildSettings = {
				ALWAYS_SEARCH_USER_PATHS = NO;
				ASSETCATALOG_COMPILER_GENERATE_SWIFT_ASSET_SYMBOL_EXTENSIONS = YES;
				CLANG_ANALYZER_NONNULL = YES;
				CLANG_ANALYZER_NUMBER_OBJECT_CONVERSION = YES_AGGRESSIVE;
				CLANG_CXX_LANGUAGE_STANDARD = "gnu++20";
				CLANG_ENABLE_MODULES = YES;
				CLANG_ENABLE_OBJC_ARC = YES;
				CLANG_ENABLE_OBJC_WEAK = YES;
				CLANG_WARN_BLOCK_CAPTURE_AUTORELEASING = YES;
				CLANG_WARN_BOOL_CONVERSION = YES;
				CLANG_WARN_COMMA = YES;
				CLANG_WARN_CONSTANT_CONVERSION = YES;
				CLANG_WARN_DEPRECATED_OBJC_IMPLEMENTATIONS = YES;
				CLANG_WARN_DIRECT_OBJC_ISA_USAGE = YES_ERROR;
				CLANG_WARN_DOCUMENTATION_COMMENTS = YES;
				CLANG_WARN_EMPTY_BODY = YES;
				CLANG_WARN_ENUM_CONVERSION = YES;
				CLANG_WARN_INFINITE_RECURSION = YES;
				CLANG_WARN_INT_CONVERSION = YES;
				CLANG_WARN_NON_LITERAL_NULL_CONVERSION = YES;
				CLANG_WARN_OBJC_IMPLICIT_RETAIN_SELF = YES;
				CLANG_WARN_OBJC_LITERAL_CONVERSION = YES;
				CLANG_WARN_OBJC_ROOT_CLASS = YES_ERROR;
				CLANG_WARN_QUOTED_INCLUDE_IN_FRAMEWORK_HEADER = YES;
				CLANG_WARN_RANGE_LOOP_ANALYSIS = YES;
				CLANG_WARN_STRICT_PROTOTYPES = YES;
				CLANG_WARN_SUSPICIOUS_MOVE = YES;
				CLANG_WARN_UNGUARDED_AVAILABILITY = YES_AGGRESSIVE;
				CLANG_WARN_UNREACHABLE_CODE = YES;
				CLANG_WARN__DUPLICATE_METHOD_MATCH = YES;
				COPY_PHASE_STRIP = NO;
				DEBUG_INFORMATION_FORMAT = dwarf;
				ENABLE_STRICT_OBJC_MSGSEND = YES;
				ENABLE_TESTABILITY = YES;
				ENABLE_USER_SCRIPT_SANDBOXING = YES;
				GCC_C_LANGUAGE_STANDARD = gnu17;
				GCC_DYNAMIC_NO_PIC = NO;
				GCC_NO_COMMON_BLOCKS = YES;
				GCC_OPTIMIZATION_LEVEL = 0;
				GCC_PREPROCESSOR_DEFINITIONS = (
					"DEBUG=1",
					"$(inherited)",
				);
				GCC_WARN_64_TO_32_BIT_CONVERSION = YES;
				GCC_WARN_ABOUT_RETURN_TYPE = YES_ERROR;
				GCC_WARN_UNDECLARED_SELECTOR = YES;
				GCC_WARN_UNINITIALIZED_AUTOS = YES_AGGRESSIVE;
				GCC_WARN_UNUSED_FUNCTION = YES;
				GCC_WARN_UNUSED_VARIABLE = YES;
				IPHONEOS_DEPLOYMENT_TARGET = 17.2;
				LOCALIZATION_PREFERS_STRING_CATALOGS = YES;
				MTL_ENABLE_DEBUG_INFO = INCLUDE_SOURCE;
				MTL_FAST_MATH = YES;
				ONLY_ACTIVE_ARCH = YES;
				SDKROOT = iphoneos;
				SWIFT_ACTIVE_COMPILATION_CONDITIONS = "DEBUG $(inherited)";
				SWIFT_OPTIMIZATION_LEVEL = "-Onone";
			};
			name = Debug;
		};
		D30598C52B949A740092682A /* Release */ = {
			isa = XCBuildConfiguration;
			buildSettings = {
				ALWAYS_SEARCH_USER_PATHS = NO;
				ASSETCATALOG_COMPILER_GENERATE_SWIFT_ASSET_SYMBOL_EXTENSIONS = YES;
				CLANG_ANALYZER_NONNULL = YES;
				CLANG_ANALYZER_NUMBER_OBJECT_CONVERSION = YES_AGGRESSIVE;
				CLANG_CXX_LANGUAGE_STANDARD = "gnu++20";
				CLANG_ENABLE_MODULES = YES;
				CLANG_ENABLE_OBJC_ARC = YES;
				CLANG_ENABLE_OBJC_WEAK = YES;
				CLANG_WARN_BLOCK_CAPTURE_AUTORELEASING = YES;
				CLANG_WARN_BOOL_CONVERSION = YES;
				CLANG_WARN_COMMA = YES;
				CLANG_WARN_CONSTANT_CONVERSION = YES;
				CLANG_WARN_DEPRECATED_OBJC_IMPLEMENTATIONS = YES;
				CLANG_WARN_DIRECT_OBJC_ISA_USAGE = YES_ERROR;
				CLANG_WARN_DOCUMENTATION_COMMENTS = YES;
				CLANG_WARN_EMPTY_BODY = YES;
				CLANG_WARN_ENUM_CONVERSION = YES;
				CLANG_WARN_INFINITE_RECURSION = YES;
				CLANG_WARN_INT_CONVERSION = YES;
				CLANG_WARN_NON_LITERAL_NULL_CONVERSION = YES;
				CLANG_WARN_OBJC_IMPLICIT_RETAIN_SELF = YES;
				CLANG_WARN_OBJC_LITERAL_CONVERSION = YES;
				CLANG_WARN_OBJC_ROOT_CLASS = YES_ERROR;
				CLANG_WARN_QUOTED_INCLUDE_IN_FRAMEWORK_HEADER = YES;
				CLANG_WARN_RANGE_LOOP_ANALYSIS = YES;
				CLANG_WARN_STRICT_PROTOTYPES = YES;
				CLANG_WARN_SUSPICIOUS_MOVE = YES;
				CLANG_WARN_UNGUARDED_AVAILABILITY = YES_AGGRESSIVE;
				CLANG_WARN_UNREACHABLE_CODE = YES;
				CLANG_WARN__DUPLICATE_METHOD_MATCH = YES;
				COPY_PHASE_STRIP = NO;
				DEBUG_INFORMATION_FORMAT = "dwarf-with-dsym";
				ENABLE_NS_ASSERTIONS = NO;
				ENABLE_STRICT_OBJC_MSGSEND = YES;
				ENABLE_USER_SCRIPT_SANDBOXING = YES;
				GCC_C_LANGUAGE_STANDARD = gnu17;
				GCC_NO_COMMON_BLOCKS = YES;
				GCC_WARN_64_TO_32_BIT_CONVERSION = YES;
				GCC_WARN_ABOUT_RETURN_TYPE = YES_ERROR;
				GCC_WARN_UNDECLARED_SELECTOR = YES;
				GCC_WARN_UNINITIALIZED_AUTOS = YES_AGGRESSIVE;
				GCC_WARN_UNUSED_FUNCTION = YES;
				GCC_WARN_UNUSED_VARIABLE = YES;
				IPHONEOS_DEPLOYMENT_TARGET = 17.2;
				LOCALIZATION_PREFERS_STRING_CATALOGS = YES;
				MTL_ENABLE_DEBUG_INFO = NO;
				MTL_FAST_MATH = YES;
				SDKROOT = iphoneos;
				SWIFT_COMPILATION_MODE = wholemodule;
				VALIDATE_PRODUCT = YES;
			};
			name = Release;
		};
		D30598C72B949A740092682A /* Debug */ = {
			isa = XCBuildConfiguration;
			buildSettings = {
				ASSETCATALOG_COMPILER_APPICON_NAME = AppIcon;
				ASSETCATALOG_COMPILER_GLOBAL_ACCENT_COLOR_NAME = AccentColor;
				CODE_SIGN_STYLE = Automatic;
				CURRENT_PROJECT_VERSION = 1;
				DEVELOPMENT_ASSET_PATHS = "\"Expensy/Preview Content\"";
				DEVELOPMENT_TEAM = G4GCQLDBF9;
				ENABLE_PREVIEWS = YES;
				GENERATE_INFOPLIST_FILE = YES;
				INFOPLIST_KEY_UIApplicationSceneManifest_Generation = YES;
				INFOPLIST_KEY_UIApplicationSupportsIndirectInputEvents = YES;
				INFOPLIST_KEY_UILaunchScreen_Generation = YES;
				INFOPLIST_KEY_UISupportedInterfaceOrientations_iPad = "UIInterfaceOrientationPortrait UIInterfaceOrientationPortraitUpsideDown UIInterfaceOrientationLandscapeLeft UIInterfaceOrientationLandscapeRight";
				INFOPLIST_KEY_UISupportedInterfaceOrientations_iPhone = "UIInterfaceOrientationPortrait UIInterfaceOrientationLandscapeLeft UIInterfaceOrientationLandscapeRight";
				LD_RUNPATH_SEARCH_PATHS = (
					"$(inherited)",
					"@executable_path/Frameworks",
				);
				MARKETING_VERSION = 1.0;
				PRODUCT_BUNDLE_IDENTIFIER = "SHARMA-FIRMS.Expensy";
				PRODUCT_NAME = "$(TARGET_NAME)";
				SWIFT_EMIT_LOC_STRINGS = YES;
				SWIFT_VERSION = 5.0;
				TARGETED_DEVICE_FAMILY = "1,2";
			};
			name = Debug;
		};
		D30598C82B949A740092682A /* Release */ = {
			isa = XCBuildConfiguration;
			buildSettings = {
				ASSETCATALOG_COMPILER_APPICON_NAME = AppIcon;
				ASSETCATALOG_COMPILER_GLOBAL_ACCENT_COLOR_NAME = AccentColor;
				CODE_SIGN_STYLE = Automatic;
				CURRENT_PROJECT_VERSION = 1;
				DEVELOPMENT_ASSET_PATHS = "\"Expensy/Preview Content\"";
				DEVELOPMENT_TEAM = G4GCQLDBF9;
				ENABLE_PREVIEWS = YES;
				GENERATE_INFOPLIST_FILE = YES;
				INFOPLIST_KEY_UIApplicationSceneManifest_Generation = YES;
				INFOPLIST_KEY_UIApplicationSupportsIndirectInputEvents = YES;
				INFOPLIST_KEY_UILaunchScreen_Generation = YES;
				INFOPLIST_KEY_UISupportedInterfaceOrientations_iPad = "UIInterfaceOrientationPortrait UIInterfaceOrientationPortraitUpsideDown UIInterfaceOrientationLandscapeLeft UIInterfaceOrientationLandscapeRight";
				INFOPLIST_KEY_UISupportedInterfaceOrientations_iPhone = "UIInterfaceOrientationPortrait UIInterfaceOrientationLandscapeLeft UIInterfaceOrientationLandscapeRight";
				LD_RUNPATH_SEARCH_PATHS = (
					"$(inherited)",
					"@executable_path/Frameworks",
				);
				MARKETING_VERSION = 1.0;
				PRODUCT_BUNDLE_IDENTIFIER = "SHARMA-FIRMS.Expensy";
				PRODUCT_NAME = "$(TARGET_NAME)";
				SWIFT_EMIT_LOC_STRINGS = YES;
				SWIFT_VERSION = 5.0;
				TARGETED_DEVICE_FAMILY = "1,2";
			};
			name = Release;
		};
/* End XCBuildConfiguration section */

/* Begin XCConfigurationList section */
		D30598B32B949A730092682A /* Build configuration list for PBXProject "Expensy" */ = {
			isa = XCConfigurationList;
			buildConfigurations = (
				D30598C42B949A740092682A /* Debug */,
				D30598C52B949A740092682A /* Release */,
			);
			defaultConfigurationIsVisible = 0;
			defaultConfigurationName = Release;
		};
		D30598C62B949A740092682A /* Build configuration list for PBXNativeTarget "Expensy" */ = {
			isa = XCConfigurationList;
			buildConfigurations = (
				D30598C72B949A740092682A /* Debug */,
				D30598C82B949A740092682A /* Release */,
			);
			defaultConfigurationIsVisible = 0;
			defaultConfigurationName = Release;
		};
/* End XCConfigurationList section */

/* Begin XCRemoteSwiftPackageReference section */
		D322C5B62BC0096300B841FA /* XCRemoteSwiftPackageReference "SwiftUIFontIcon" */ = {
			isa = XCRemoteSwiftPackageReference;
			repositoryURL = "https://github.com/huybuidac/SwiftUIFontIcon";
			requirement = {
				kind = upToNextMajorVersion;
				minimumVersion = 2.1.0;
			};
		};
/* End XCRemoteSwiftPackageReference section */

/* Begin XCSwiftPackageProductDependency section */
		D322C5B72BC0096300B841FA /* SwiftUIFontIcon */ = {
			isa = XCSwiftPackageProductDependency;
			package = D322C5B62BC0096300B841FA /* XCRemoteSwiftPackageReference "SwiftUIFontIcon" */;
			productName = SwiftUIFontIcon;
		};
/* End XCSwiftPackageProductDependency section */
	};
	rootObject = D30598B02B949A730092682A /* Project object */;
}
